
Microsoft Visual Studio Solution File, Format Version 12.00
# Visual Studio Version 17
VisualStudioVersion = 17.10.35013.160
MinimumVisualStudioVersion = 10.0.40219.1
Project("{FAE04EC0-301F-11D3-BF4B-00C04F79EFBC}") = "DealerClient", "DealerClient\DealerClient.csproj", "{4C7563B0-A5D9-43A2-8743-9C2F1887A101}"
EndProject
Global
	GlobalSection(SolutionConfigurationPlatforms) = preSolution
		Debug|Any CPU = Debug|Any CPU
		Release|Any CPU = Release|Any CPU
	EndGlobalSection
	GlobalSection(ProjectConfigurationPlatforms) = postSolution
		{4C7563B0-A5D9-43A2-8743-9C2F1887A101}.Debug|Any CPU.ActiveCfg = Debug|Any CPU
		{4C7563B0-A5D9-43A2-8743-9C2F1887A101}.Debug|Any CPU.Build.0 = Debug|Any CPU
		{4C7563B0-A5D9-43A2-8743-9C2F1887A101}.Release|Any CPU.ActiveCfg = Release|Any CPU
		{4C7563B0-A5D9-43A2-8743-9C2F1887A101}.Release|Any CPU.Build.0 = Release|Any CPU
	EndGlobalSection
	GlobalSection(SolutionProperties) = preSolution
		HideSolutionNode = FALSE
	EndGlobalSection
	GlobalSection(ExtensibilityGlobals) = postSolution
		SolutionGuid = {8A96C09A-841C-4B31-8B02-EF38C3EB46E7}
	EndGlobalSection
EndGlobal
